
Microsoft Visual Studio Solution File, Format Version 11.00
# Visual Studio 2010
Project("{FAE04EC0-301F-11D3-BF4B-00C04F79EFBC}") = "RSRPC", "RSRPC\RSRPC.csproj", "{B9766547-F1BA-4D93-B9C7-D160ED97763A}"
EndProject
Global
	GlobalSection(SolutionConfigurationPlatforms) = preSolution
		Debug|Any CPU = Debug|Any CPU
		Release|Any CPU = Release|Any CPU
	EndGlobalSection
	GlobalSection(ProjectConfigurationPlatforms) = postSolution
		{B9766547-F1BA-4D93-B9C7-D160ED97763A}.Debug|Any CPU.ActiveCfg = Debug|Any CPU
		{B9766547-F1BA-4D93-B9C7-D160ED97763A}.Debug|Any CPU.Build.0 = Debug|Any CPU
		{B9766547-F1BA-4D93-B9C7-D160ED97763A}.Release|Any CPU.ActiveCfg = Release|Any CPU
		{B9766547-F1BA-4D93-B9C7-D160ED97763A}.Release|Any CPU.Build.0 = Release|Any CPU
	EndGlobalSection
	GlobalSection(SolutionProperties) = preSolution
		HideSolutionNode = FALSE
	EndGlobalSection
EndGlobal
